
Microsoft Visual Studio Solution File, Format Version 12.00
# Visual Studio 15
VisualStudioVersion = 15.0.27130.2027
MinimumVisualStudioVersion = 10.0.40219.1
Project("{FAE04EC0-301F-11D3-BF4B-00C04F79EFBC}") = "MirrorNumbers", "MirrorNumbers\MirrorNumbers.csproj", "{6FFD6440-FC8A-40A5-A988-74CE28DA5BC6}"
EndProject
Global
	GlobalSection(SolutionConfigurationPlatforms) = preSolution
		Debug|Any CPU = Debug|Any CPU
		Release|Any CPU = Release|Any CPU
	EndGlobalSection
	GlobalSection(ProjectConfigurationPlatforms) = postSolution
		{6FFD6440-FC8A-40A5-A988-74CE28DA5BC6}.Debug|Any CPU.ActiveCfg = Debug|Any CPU
		{6FFD6440-FC8A-40A5-A988-74CE28DA5BC6}.Debug|Any CPU.Build.0 = Debug|Any CPU
		{6FFD6440-FC8A-40A5-A988-74CE28DA5BC6}.Release|Any CPU.ActiveCfg = Release|Any CPU
		{6FFD6440-FC8A-40A5-A988-74CE28DA5BC6}.Release|Any CPU.Build.0 = Release|Any CPU
	EndGlobalSection
	GlobalSection(SolutionProperties) = preSolution
		HideSolutionNode = FALSE
	EndGlobalSection
	GlobalSection(ExtensibilityGlobals) = postSolution
		SolutionGuid = {430B5259-F1F8-49E8-B1F2-F677FB7F320A}
	EndGlobalSection
EndGlobal
